
Microsoft Visual Studio Solution File, Format Version 12.00
# Visual Studio Version 18
VisualStudioVersion = 18.0.11217.181
MinimumVisualStudioVersion = 10.0.40219.1
Project("{FAE04EC0-301F-11D3-BF4B-00C04F79EFBC}") = "Mhyrenz_Interface", "Mhyrenz_Interface\Mhyrenz_Interface.csproj", "{6EA70DDC-7A02-4ACA-AFF4-80FFD1FBC33E}"
EndProject
Project("{FAE04EC0-301F-11D3-BF4B-00C04F79EFBC}") = "Mhyrenz_Interface.Domain", "Mhyrenz_Interface.Domain\Mhyrenz_Interface.Domain.csproj", "{04B6ED9D-C5B6-41C7-8337-8F20D5FA1468}"
EndProject
Project("{FAE04EC0-301F-11D3-BF4B-00C04F79EFBC}") = "Mhyrenz_Interface.Database", "Mhyrenz_Interface.Database\Mhyrenz_Interface.Database.csproj", "{8C2897EA-6D4D-485F-8610-17CAB9D58981}"
EndProject
Project("{FAE04EC0-301F-11D3-BF4B-00C04F79EFBC}") = "ConsoleApp1", "ConsoleApp1\ConsoleApp1.csproj", "{578ABD2D-3945-450A-9B5B-610B60EAF4F5}"
EndProject
Project("{FAE04EC0-301F-11D3-BF4B-00C04F79EFBC}") = "Migration", "Migration\Migration.csproj", "{68EE346D-206D-4DF4-99EB-AE4B906BD456}"
EndProject
Project("{FAE04EC0-301F-11D3-BF4B-00C04F79EFBC}") = "Mhyrenz_Interface.Test", "Mhyrenz_Interface.Test\Mhyrenz_Interface.Test.csproj", "{77C238ED-E19B-419C-9472-75FFE9552D3D}"
EndProject
Project("{FAE04EC0-301F-11D3-BF4B-00C04F79EFBC}") = "Mhyrenz_Interface.WpfTest", "Mhyrenz_Interface.WpfTest\Mhyrenz_Interface.WpfTest.csproj", "{A2358DCE-D565-491E-88C2-A39E454068E0}"
EndProject
Global
	GlobalSection(SolutionConfigurationPlatforms) = preSolution
		Debug|Any CPU = Debug|Any CPU
		Debug|x64 = Debug|x64
		Debug|x86 = Debug|x86
		Release|Any CPU = Release|Any CPU
		Release|x64 = Release|x64
		Release|x86 = Release|x86
	EndGlobalSection
	GlobalSection(ProjectConfigurationPlatforms) = postSolution
		{6EA70DDC-7A02-4ACA-AFF4-80FFD1FBC33E}.Debug|Any CPU.ActiveCfg = Debug|Any CPU
		{6EA70DDC-7A02-4ACA-AFF4-80FFD1FBC33E}.Debug|Any CPU.Build.0 = Debug|Any CPU
		{6EA70DDC-7A02-4ACA-AFF4-80FFD1FBC33E}.Debug|x64.ActiveCfg = Debug|x64
		{6EA70DDC-7A02-4ACA-AFF4-80FFD1FBC33E}.Debug|x64.Build.0 = Debug|x64
		{6EA70DDC-7A02-4ACA-AFF4-80FFD1FBC33E}.Debug|x86.ActiveCfg = Debug|x86
		{6EA70DDC-7A02-4ACA-AFF4-80FFD1FBC33E}.Debug|x86.Build.0 = Debug|x86
		{6EA70DDC-7A02-4ACA-AFF4-80FFD1FBC33E}.Release|Any CPU.ActiveCfg = Release|Any CPU
		{6EA70DDC-7A02-4ACA-AFF4-80FFD1FBC33E}.Release|Any CPU.Build.0 = Release|Any CPU
		{6EA70DDC-7A02-4ACA-AFF4-80FFD1FBC33E}.Release|x64.ActiveCfg = Release|x64
		{6EA70DDC-7A02-4ACA-AFF4-80FFD1FBC33E}.Release|x64.Build.0 = Release|x64
		{6EA70DDC-7A02-4ACA-AFF4-80FFD1FBC33E}.Release|x86.ActiveCfg = Release|x86
		{6EA70DDC-7A02-4ACA-AFF4-80FFD1FBC33E}.Release|x86.Build.0 = Release|x86
		{04B6ED9D-C5B6-41C7-8337-8F20D5FA1468}.Debug|Any CPU.ActiveCfg = Debug|Any CPU
		{04B6ED9D-C5B6-41C7-8337-8F20D5FA1468}.Debug|Any CPU.Build.0 = Debug|Any CPU
		{04B6ED9D-C5B6-41C7-8337-8F20D5FA1468}.Debug|x64.ActiveCfg = Debug|x64
		{04B6ED9D-C5B6-41C7-8337-8F20D5FA1468}.Debug|x64.Build.0 = Debug|x64
		{04B6ED9D-C5B6-41C7-8337-8F20D5FA1468}.Debug|x86.ActiveCfg = Debug|x86
		{04B6ED9D-C5B6-41C7-8337-8F20D5FA1468}.Debug|x86.Build.0 = Debug|x86
		{04B6ED9D-C5B6-41C7-8337-8F20D5FA1468}.Release|Any CPU.ActiveCfg = Release|Any CPU
		{04B6ED9D-C5B6-41C7-8337-8F20D5FA1468}.Release|Any CPU.Build.0 = Release|Any CPU
		{04B6ED9D-C5B6-41C7-8337-8F20D5FA1468}.Release|x64.ActiveCfg = Release|x64
		{04B6ED9D-C5B6-41C7-8337-8F20D5FA1468}.Release|x64.Build.0 = Release|x64
		{04B6ED9D-C5B6-41C7-8337-8F20D5FA1468}.Release|x86.ActiveCfg = Release|x86
		{04B6ED9D-C5B6-41C7-8337-8F20D5FA1468}.Release|x86.Build.0 = Release|x86
		{8C2897EA-6D4D-485F-8610-17CAB9D58981}.Debug|Any CPU.ActiveCfg = Debug|Any CPU
		{8C2897EA-6D4D-485F-8610-17CAB9D58981}.Debug|Any CPU.Build.0 = Debug|Any CPU
		{8C2897EA-6D4D-485F-8610-17CAB9D58981}.Debug|x64.ActiveCfg = Debug|Any CPU
		{8C2897EA-6D4D-485F-8610-17CAB9D58981}.Debug|x64.Build.0 = Debug|Any CPU
		{8C2897EA-6D4D-485F-8610-17CAB9D58981}.Debug|x86.ActiveCfg = Debug|Any CPU
		{8C2897EA-6D4D-485F-8610-17CAB9D58981}.Debug|x86.Build.0 = Debug|Any CPU
		{8C2897EA-6D4D-485F-8610-17CAB9D58981}.Release|Any CPU.ActiveCfg = Release|Any CPU
		{8C2897EA-6D4D-485F-8610-17CAB9D58981}.Release|Any CPU.Build.0 = Release|Any CPU
		{8C2897EA-6D4D-485F-8610-17CAB9D58981}.Release|x64.ActiveCfg = Release|Any CPU
		{8C2897EA-6D4D-485F-8610-17CAB9D58981}.Release|x64.Build.0 = Release|Any CPU
		{8C2897EA-6D4D-485F-8610-17CAB9D58981}.Release|x86.ActiveCfg = Release|Any CPU
		{8C2897EA-6D4D-485F-8610-17CAB9D58981}.Release|x86.Build.0 = Release|Any CPU
		{578ABD2D-3945-450A-9B5B-610B60EAF4F5}.Debug|Any CPU.ActiveCfg = Debug|Any CPU
		{578ABD2D-3945-450A-9B5B-610B60EAF4F5}.Debug|Any CPU.Build.0 = Debug|Any CPU
		{578ABD2D-3945-450A-9B5B-610B60EAF4F5}.Debug|x64.ActiveCfg = Debug|Any CPU
		{578ABD2D-3945-450A-9B5B-610B60EAF4F5}.Debug|x64.Build.0 = Debug|Any CPU
		{578ABD2D-3945-450A-9B5B-610B60EAF4F5}.Debug|x86.ActiveCfg = Debug|Any CPU
		{578ABD2D-3945-450A-9B5B-610B60EAF4F5}.Debug|x86.Build.0 = Debug|Any CPU
		{578ABD2D-3945-450A-9B5B-610B60EAF4F5}.Release|Any CPU.ActiveCfg = Release|Any CPU
		{578ABD2D-3945-450A-9B5B-610B60EAF4F5}.Release|Any CPU.Build.0 = Release|Any CPU
		{578ABD2D-3945-450A-9B5B-610B60EAF4F5}.Release|x64.ActiveCfg = Release|Any CPU
		{578ABD2D-3945-450A-9B5B-610B60EAF4F5}.Release|x64.Build.0 = Release|Any CPU
		{578ABD2D-3945-450A-9B5B-610B60EAF4F5}.Release|x86.ActiveCfg = Release|Any CPU
		{578ABD2D-3945-450A-9B5B-610B60EAF4F5}.Release|x86.Build.0 = Release|Any CPU
		{68EE346D-206D-4DF4-99EB-AE4B906BD456}.Debug|Any CPU.ActiveCfg = Debug|Any CPU
		{68EE346D-206D-4DF4-99EB-AE4B906BD456}.Debug|Any CPU.Build.0 = Debug|Any CPU
		{68EE346D-206D-4DF4-99EB-AE4B906BD456}.Debug|x64.ActiveCfg = Debug|Any CPU
		{68EE346D-206D-4DF4-99EB-AE4B906BD456}.Debug|x64.Build.0 = Debug|Any CPU
		{68EE346D-206D-4DF4-99EB-AE4B906BD456}.Debug|x86.ActiveCfg = Debug|Any CPU
		{68EE346D-206D-4DF4-99EB-AE4B906BD456}.Debug|x86.Build.0 = Debug|Any CPU
		{68EE346D-206D-4DF4-99EB-AE4B906BD456}.Release|Any CPU.ActiveCfg = Release|Any CPU
		{68EE346D-206D-4DF4-99EB-AE4B906BD456}.Release|Any CPU.Build.0 = Release|Any CPU
		{68EE346D-206D-4DF4-99EB-AE4B906BD456}.Release|x64.ActiveCfg = Release|Any CPU
		{68EE346D-206D-4DF4-99EB-AE4B906BD456}.Release|x64.Build.0 = Release|Any CPU
		{68EE346D-206D-4DF4-99EB-AE4B906BD456}.Release|x86.ActiveCfg = Release|Any CPU
		{68EE346D-206D-4DF4-99EB-AE4B906BD456}.Release|x86.Build.0 = Release|Any CPU
		{77C238ED-E19B-419C-9472-75FFE9552D3D}.Debug|Any CPU.ActiveCfg = Debug|Any CPU
		{77C238ED-E19B-419C-9472-75FFE9552D3D}.Debug|Any CPU.Build.0 = Debug|Any CPU
		{77C238ED-E19B-419C-9472-75FFE9552D3D}.Debug|x64.ActiveCfg = Debug|Any CPU
		{77C238ED-E19B-419C-9472-75FFE9552D3D}.Debug|x64.Build.0 = Debug|Any CPU
		{77C238ED-E19B-419C-9472-75FFE9552D3D}.Debug|x86.ActiveCfg = Debug|Any CPU
		{77C238ED-E19B-419C-9472-75FFE9552D3D}.Debug|x86.Build.0 = Debug|Any CPU
		{77C238ED-E19B-419C-9472-75FFE9552D3D}.Release|Any CPU.ActiveCfg = Release|Any CPU
		{77C238ED-E19B-419C-9472-75FFE9552D3D}.Release|Any CPU.Build.0 = Release|Any CPU
		{77C238ED-E19B-419C-9472-75FFE9552D3D}.Release|x64.ActiveCfg = Release|Any CPU
		{77C238ED-E19B-419C-9472-75FFE9552D3D}.Release|x64.Build.0 = Release|Any CPU
		{77C238ED-E19B-419C-9472-75FFE9552D3D}.Release|x86.ActiveCfg = Release|Any CPU
		{77C238ED-E19B-419C-9472-75FFE9552D3D}.Release|x86.Build.0 = Release|Any CPU
		{A2358DCE-D565-491E-88C2-A39E454068E0}.Debug|Any CPU.ActiveCfg = Debug|Any CPU
		{A2358DCE-D565-491E-88C2-A39E454068E0}.Debug|Any CPU.Build.0 = Debug|Any CPU
		{A2358DCE-D565-491E-88C2-A39E454068E0}.Debug|x64.ActiveCfg = Debug|Any CPU
		{A2358DCE-D565-491E-88C2-A39E454068E0}.Debug|x64.Build.0 = Debug|Any CPU
		{A2358DCE-D565-491E-88C2-A39E454068E0}.Debug|x86.ActiveCfg = Debug|Any CPU
		{A2358DCE-D565-491E-88C2-A39E454068E0}.Debug|x86.Build.0 = Debug|Any CPU
		{A2358DCE-D565-491E-88C2-A39E454068E0}.Release|Any CPU.ActiveCfg = Release|Any CPU
		{A2358DCE-D565-491E-88C2-A39E454068E0}.Release|Any CPU.Build.0 = Release|Any CPU
		{A2358DCE-D565-491E-88C2-A39E454068E0}.Release|x64.ActiveCfg = Release|Any CPU
		{A2358DCE-D565-491E-88C2-A39E454068E0}.Release|x64.Build.0 = Release|Any CPU
		{A2358DCE-D565-491E-88C2-A39E454068E0}.Release|x86.ActiveCfg = Release|Any CPU
		{A2358DCE-D565-491E-88C2-A39E454068E0}.Release|x86.Build.0 = Release|Any CPU
	EndGlobalSection
	GlobalSection(SolutionProperties) = preSolution
		HideSolutionNode = FALSE
	EndGlobalSection
	GlobalSection(ExtensibilityGlobals) = postSolution
		SolutionGuid = {AFB826A5-8768-4CFE-851E-4464973A8870}
	EndGlobalSection
EndGlobal
